%{
  "amqp": {:hex, :amqp, "1.6.0", "736d976f53780bcee72ccc50f7eb36e3d5881354480b1e34ceac84e3bbd954e9", [:mix], [{:amqp_client, "~> 3.8.0", [hex: :amqp_client, repo: "hexpm", optional: false]}], "hexpm", "b8168919ea1f1571a68349421e6501d1db7f559c4db3b8324ae90dbd3e2c1c4a"},
  "amqp_client": {:hex, :amqp_client, "3.8.35", "e81dbec62057155b5aff857ac9ee85a63af2baf6e0fd4e9d02a3aff46a3de836", [:make, :rebar3], [{:rabbit_common, "3.8.35", [hex: :rabbit_common, repo: "hexpm", optional: false]}], "hexpm", "ca8066e8d12530e31a9879789bc44bb2a4877dcd2d4b65e56b3d301b5e727688"},
  "avrora": {:hex, :avrora, "0.24.2", "e2f52903fea3758766b469c39bdf78c852020ab9cfad03703247d2b9d580b339", [:mix], [{:erlavro, "~> 2.9.3", [hex: :erlavro, repo: "hexpm", optional: false]}, {:jason, "~> 1.0", [hex: :jason, repo: "hexpm", optional: false]}], "hexpm", "13362720e92b9922aa1b13d5c48ad01caf5003e78a14ec0ca5031f8563f00656"},
  "credentials_obfuscation": {:hex, :credentials_obfuscation, "3.1.0", "2c405ea0c5db7b3344aa5a99f86c33e7b6ecea97d2cb613371e1cf0d192ef2c6", [:rebar3], [], "hexpm", "04884e62b1c6cdfba999d4d6b3e99bc0a59d5e439517bc5c01767255afb7b778"},
  "erlavro": {:hex, :erlavro, "2.9.8", "9b9c0eff6dc1c708a277b4143c0020659c42bcd634d0d7237c6435fb0c2f3266", [:make, :rebar3], [{:jsone, "1.4.6", [hex: :jsone, repo: "hexpm", optional: false]}, {:snappyer, "1.2.8", [hex: :snappyer, repo: "hexpm", optional: false]}], "hexpm", "7182c539f408633927b30380aa6123ea3e4b9a04c2bc752f0fe227ef5e9c3a70"},
  "goldrush": {:hex, :goldrush, "0.1.9", "f06e5d5f1277da5c413e84d5a2924174182fb108dabb39d5ec548b27424cd106", [:rebar3], [], "hexpm", "99cb4128cffcb3227581e5d4d803d5413fa643f4eb96523f77d9e6937d994ceb"},
  "jason": {:hex, :jason, "1.4.0", "e855647bc964a44e2f67df589ccf49105ae039d4179db7f6271dfd3843dc27e6", [:mix], [{:decimal, "~> 1.0 or ~> 2.0", [hex: :decimal, repo: "hexpm", optional: true]}], "hexpm", "79a3791085b2a0f743ca04cec0f7be26443738779d09302e01318f97bdb82121"},
  "jsone": {:hex, :jsone, "1.4.6", "644d6d57befb22c8e19b324dee19d73b1c004565009861a8f64c68b7b9e64dbf", [:rebar3], [], "hexpm", "78eee8bb38f0bee2e73673d71bc75fc6fb01f56f0d23e769a26eee3655487a38"},
  "jsx": {:hex, :jsx, "3.1.0", "d12516baa0bb23a59bb35dccaf02a1bd08243fcbb9efe24f2d9d056ccff71268", [:rebar3], [], "hexpm", "0c5cc8fdc11b53cc25cf65ac6705ad39e54ecc56d1c22e4adb8f5a53fb9427f3"},
  "lager": {:hex, :lager, "3.9.2", "4cab289120eb24964e3886bd22323cb5fefe4510c076992a23ad18cf85413d8c", [:rebar3], [{:goldrush, "0.1.9", [hex: :goldrush, repo: "hexpm", optional: false]}], "hexpm", "7f904d9e87a8cb7e66156ed31768d1c8e26eba1d54f4bc85b1aa4ac1f6340c28"},
  "rabbit_common": {:hex, :rabbit_common, "3.8.35", "392b43d3242bc9b02b6889be1726ce9ee6bb8e9a226e20253cd8512a147fa765", [:make, :rebar3], [{:credentials_obfuscation, "3.1.0", [hex: :credentials_obfuscation, repo: "hexpm", optional: false]}, {:jsx, "3.1.0", [hex: :jsx, repo: "hexpm", optional: false]}, {:lager, "3.9.2", [hex: :lager, repo: "hexpm", optional: false]}, {:recon, "2.5.1", [hex: :recon, repo: "hexpm", optional: false]}], "hexpm", "aa79691f95bc86f6383fea2be6a781c1c5efa76d3e6cc0670af2232d8515baac"},
  "recon": {:hex, :recon, "2.5.1", "430ffa60685ac1efdfb1fe4c97b8767c92d0d92e6e7c3e8621559ba77598678a", [:mix, :rebar3], [], "hexpm", "5721c6b6d50122d8f68cccac712caa1231f97894bab779eff5ff0f886cb44648"},
  "snappyer": {:hex, :snappyer, "1.2.8", "201ce9067a33c71a6a5087c0c3a49a010b17112d461e6df696c722dcb6d0934a", [:rebar3], [], "hexpm", "35518e79a28548b56d8fd6aee2f565f12f51c2d3d053f9cfa817c83be88c4f3d"},
}
